
Microsoft Visual Studio Solution File, Format Version 12.00
# Visual Studio 15
VisualStudioVersion = 15.0.26430.16
MinimumVisualStudioVersion = 10.0.40219.1
Project("{FAE04EC0-301F-11D3-BF4B-00C04F79EFBC}") = "Environs", "Environs\Environs.csproj", "{CADE5A29-CFD0-45BF-960A-422A92383023}"
EndProject
Project("{FAE04EC0-301F-11D3-BF4B-00C04F79EFBC}") = "Environs.Tests", "Environs.Tests\Environs.Tests.csproj", "{B8E3A38F-E163-4E33-84E9-0E14CAEA26C2}"
EndProject
Global
	GlobalSection(SolutionConfigurationPlatforms) = preSolution
		Debug|Any CPU = Debug|Any CPU
		Release|Any CPU = Release|Any CPU
	EndGlobalSection
	GlobalSection(ProjectConfigurationPlatforms) = postSolution
		{CADE5A29-CFD0-45BF-960A-422A92383023}.Debug|Any CPU.ActiveCfg = Debug|Any CPU
		{CADE5A29-CFD0-45BF-960A-422A92383023}.Debug|Any CPU.Build.0 = Debug|Any CPU
		{CADE5A29-CFD0-45BF-960A-422A92383023}.Release|Any CPU.ActiveCfg = Release|Any CPU
		{CADE5A29-CFD0-45BF-960A-422A92383023}.Release|Any CPU.Build.0 = Release|Any CPU
		{B8E3A38F-E163-4E33-84E9-0E14CAEA26C2}.Debug|Any CPU.ActiveCfg = Debug|Any CPU
		{B8E3A38F-E163-4E33-84E9-0E14CAEA26C2}.Debug|Any CPU.Build.0 = Debug|Any CPU
		{B8E3A38F-E163-4E33-84E9-0E14CAEA26C2}.Release|Any CPU.ActiveCfg = Release|Any CPU
		{B8E3A38F-E163-4E33-84E9-0E14CAEA26C2}.Release|Any CPU.Build.0 = Release|Any CPU
	EndGlobalSection
	GlobalSection(SolutionProperties) = preSolution
		HideSolutionNode = FALSE
	EndGlobalSection
EndGlobal
